<?xml version="1.0" encoding="UTF-8" standalone="yes" ?>
<CodeBlocks_project_file>
	<FileVersion major="1" minor="6" />
	<Project>
		<Option title="ePaperTerminal" />
		<Option pch_mode="2" />
		<Option compiler="avr-gcc" />
		<Build>
			<Target title="Release">
				<Option output="bin/Release/ePaperTerminal.elf" prefix_auto="1" extension_auto="0" />
				<Option working_dir="" />
				<Option object_output="obj/Release/" />
				<Option type="5" />
				<Option compiler="avr-gcc" />
				<Compiler>
					<Add option="-Os" />
					<Add option="-Wall" />
					<Add option="-std=c++14" />
				</Compiler>
				<Linker>
					<Add option="-s" />
					<Add library="libm" />
					<Add library="libprintf_flt" />
				</Linker>
			</Target>
			<Environment>
				<Variable name="MCU" value="atxmega256a3u" />
			</Environment>
		</Build>
		<Compiler>
			<Add option="-Os" />
			<Add option="-std=c++14" />
			<Add option="-mmcu=atxmega256a3u" />
			<Add option="-c -fpermissive" />
			<Add option="-Wno-enum-compare" />
			<Add option="-MD -MP -MF" />
			<Add option="-ffunction-sections" />
			<Add option="-fdata-sections" />
			<Add option="-fpack-struct" />
			<Add option="-funsigned-char" />
			<Add option="-funsigned-bitfields" />
			<Add option="-DF_CPU=29491200UL" />
			<Add directory="../ePaperTerminal" />
			<Add directory="../communication" />
			<Add directory="../spi" />
			<Add directory="../e-paper42" />
			<Add directory="../twiMaster" />
			<Add directory="../sensirion" />
			<Add directory="../dma-atxmega" />
		</Compiler>
		<Linker>
			<Add option="-s" />
			<Add option="-mmcu=atxmega256a3u" />
			<Add option="-Wl,-Map=$(TARGET_OUTPUT_DIR)$(TARGET_OUTPUT_BASENAME).map,--cref" />
			<Add option="-Wl,-u,vfprintf" />
			<Add option="-Wl,--gc-sections" />
			<Add library="libprintf_flt" />
			<Add library="libm" />
		</Linker>
		<ExtraCommands>
			<Add after="avr-size $(TARGET_OUTPUT_FILE)" />
			<Add after="avr-objdump -h -S $(TARGET_OUTPUT_FILE) &gt; $(TARGET_OUTPUT_DIR)$(TARGET_OUTPUT_BASENAME).lss" />
			<Add after="avr-objcopy -R .eeprom -R .fuse -R .lock -R .signature -O ihex $(TARGET_OUTPUT_FILE) $(TARGET_OUTPUT_DIR)$(TARGET_OUTPUT_BASENAME).hex" />
			<Add after="avr-objcopy --no-change-warnings -j .eeprom --change-section-lma .eeprom=0 -O ihex $(TARGET_OUTPUT_FILE) $(TARGET_OUTPUT_DIR)$(TARGET_OUTPUT_BASENAME).eep" />
			<Add after="avr-objcopy --no-change-warnings -j .lock --change-section-lma .lock=0 -O ihex $(TARGET_OUTPUT_FILE) $(TARGET_OUTPUT_DIR)$(TARGET_OUTPUT_BASENAME).lock" />
			<Add after="avr-objcopy --no-change-warnings -j .signature --change-section-lma .signature=0 -O ihex $(TARGET_OUTPUT_FILE) $(TARGET_OUTPUT_DIR)$(TARGET_OUTPUT_BASENAME).sig" />
		</ExtraCommands>
		<Unit filename="../communication/CRC_Calc.cpp" />
		<Unit filename="../communication/CRC_Calc.h" />
		<Unit filename="../communication/CmultiBusy.cpp" />
		<Unit filename="../communication/CmultiBusy.h" />
		<Unit filename="../communication/Communication.cpp" />
		<Unit filename="../communication/Communication.h" />
		<Unit filename="../communication/Serial.cpp" />
		<Unit filename="../communication/Serial.h" />
		<Unit filename="../communication/UART.h" />
		<Unit filename="../e-paper42/epd4in2.cpp" />
		<Unit filename="../e-paper42/epd4in2.h" />
		<Unit filename="../e-paper42/epdif.cpp" />
		<Unit filename="../e-paper42/epdif.h" />
		<Unit filename="../e-paper42/epdpaint.cpp" />
		<Unit filename="../e-paper42/epdpaint.h" />
		<Unit filename="../e-paper42/font12.cpp" />
		<Unit filename="../e-paper42/font16.cpp" />
		<Unit filename="../e-paper42/font20.cpp" />
		<Unit filename="../e-paper42/font24.cpp" />
		<Unit filename="../e-paper42/font8.cpp" />
		<Unit filename="../e-paper42/fonts.h" />
		<Unit filename="../e-paper42/grotesk24x48.c">
			<Option compilerVar="CC" />
		</Unit>
		<Unit filename="../spi/Operators.cpp" />
		<Unit filename="../spi/Operators.h" />
		<Unit filename="../spi/SPI.cpp" />
		<Unit filename="../spi/SPI.h" />
		<Unit filename="../spi/spi_driver.cpp" />
		<Unit filename="../spi/spi_driver.h" />
		<Unit filename="../twiMaster/twi_master_driver.cpp" />
		<Unit filename="../twiMaster/twi_master_driver.h" />
		<Unit filename="ComReceiver.cpp" />
		<Unit filename="ComReceiver.h" />
		<Unit filename="CommandFunctions.cpp" />
		<Unit filename="CommandFunctions.h" />
		<Unit filename="External.h" />
		<Unit filename="Globals.cpp" />
		<Unit filename="MyTimer.cpp" />
		<Unit filename="MyTimer.h" />
		<Unit filename="display.cpp" />
		<Unit filename="display.h" />
		<Unit filename="ePaper42hardware.h" />
		<Unit filename="ePaperTerminal.h" />
		<Unit filename="imagedata.cpp" />
		<Unit filename="imagedata.h" />
		<Unit filename="ledHardware.h" />
		<Unit filename="main.cpp">
			<Option compilerVar="CC" />
		</Unit>
		<Unit filename="myconstants.h" />
		<Unit filename="spiHardware.h" />
		<Unit filename="uartHardware.h" />
		<Extensions>
			<envvars />
			<code_completion />
			<lib_finder disable_auto="1" />
			<debugger />
		</Extensions>
	</Project>
</CodeBlocks_project_file>
